
Microsoft Visual Studio Solution File, Format Version 12.00
# Visual Studio Version 16
VisualStudioVersion = 16.0.30114.105
MinimumVisualStudioVersion = 10.0.40219.1
Project("{2150E333-8FDC-42A3-9474-1A3956D46DE8}") = "Creational", "Creational", "{23E8F275-F64C-46DB-B080-212D3958B6EA}"
EndProject
Project("{9A19103F-16F7-4668-BE54-9A1E7A4F7556}") = "DesignPatterns.Creational.Singleton", "DesignPatterns.Creational.Singleton\DesignPatterns.Creational.Singleton.csproj", "{EE354CA8-AAD0-4318-9D25-FE10FA14E880}"
EndProject
Project("{9A19103F-16F7-4668-BE54-9A1E7A4F7556}") = "DesignPatterns.Creational.Factory", "DesignPatterns.Creational.Factory\DesignPatterns.Creational.Factory.csproj", "{A732644E-F6B0-425A-ABB4-522CEF5F3CCC}"
EndProject
Project("{9A19103F-16F7-4668-BE54-9A1E7A4F7556}") = "DesignPatterns.Creational.FactoryMethod", "DesignPatterns.Creational.FactoryMethod\DesignPatterns.Creational.FactoryMethod.csproj", "{254F6724-55C8-4995-BA11-EC9A07DE79B6}"
EndProject
Project("{9A19103F-16F7-4668-BE54-9A1E7A4F7556}") = "DesignPatterns.Creational.AbstractFactory", "DesignPatterns.Creational.AbstractFactory\DesignPatterns.Creational.AbstractFactory.csproj", "{64C45E72-2185-4A7B-B2F8-1967FB2E26B1}"
EndProject
Project("{9A19103F-16F7-4668-BE54-9A1E7A4F7556}") = "DesignPatterns.Creational.Builder", "DesignPatterns.Creational.Builder\DesignPatterns.Creational.Builder.csproj", "{6AE12DAB-A894-4DEC-86B9-66CCAB9F7CFE}"
EndProject
Project("{9A19103F-16F7-4668-BE54-9A1E7A4F7556}") = "DesignPatterns.Creational.Prototype", "DesignPatterns.Creational.Protype\DesignPatterns.Creational.Prototype.csproj", "{679F6E6C-5D52-4A89-BD7E-F8E2AED4DAC1}"
EndProject
Project("{9A19103F-16F7-4668-BE54-9A1E7A4F7556}") = "DesignPatterns.Creational.ObjectPool", "DesignPatterns.Creational.ObjectPool\DesignPatterns.Creational.ObjectPool.csproj", "{8CE92F86-6CE2-4CAE-AB85-97AEFCBE7489}"
EndProject
Project("{2150E333-8FDC-42A3-9474-1A3956D46DE8}") = "Structural", "Structural", "{FBE4C25D-FD3A-4EB3-999D-C2BEDFD75D83}"
EndProject
Project("{9A19103F-16F7-4668-BE54-9A1E7A4F7556}") = "DesignPatterns.Structural.ClassAdapter", "DesignPatterns.Structural.ClassAdapter\DesignPatterns.Structural.ClassAdapter.csproj", "{C3789048-BEE1-421C-BD97-DCEC4F8A649A}"
EndProject
Project("{9A19103F-16F7-4668-BE54-9A1E7A4F7556}") = "DesignPatterns.Structural.ObjectAdapter", "DesignPatterns.Structural.ObjectAdapter\DesignPatterns.Structural.ObjectAdapter.csproj", "{B47D49EB-7CDD-42C8-8A23-3B5E045417A4}"
EndProject
Project("{9A19103F-16F7-4668-BE54-9A1E7A4F7556}") = "DesignPatterns.Structural.Bridge", "DesignPatterns.Structural.Bridge\DesignPatterns.Structural.Bridge.csproj", "{0D095482-76F5-4622-B7DD-A1862AFFA23A}"
EndProject
Project("{9A19103F-16F7-4668-BE54-9A1E7A4F7556}") = "DesignPatterns.Structural.Facade", "DesignPatterns.Structural.Facade\DesignPatterns.Structural.Facade.csproj", "{8ECFFE1B-B46F-47AE-9015-8675A6B99E20}"
EndProject
Project("{9A19103F-16F7-4668-BE54-9A1E7A4F7556}") = "DesignPatterns.Structural.Composite", "DesignPatterns.Structural.Composite\DesignPatterns.Structural.Composite.csproj", "{0161DEE7-1666-4C97-8715-03146FB7869E}"
EndProject
Project("{9A19103F-16F7-4668-BE54-9A1E7A4F7556}") = "DesignPatterns.Structural.Decorator", "DesignPatterns.Structural.Decorator\DesignPatterns.Structural.Decorator.csproj", "{982395DA-0DD8-42B9-B6D7-CA17EBF79AF9}"
EndProject
Project("{9A19103F-16F7-4668-BE54-9A1E7A4F7556}") = "DesignPatterns.Structural.Flyweight", "DesignPatterns.Structural.Flyweight\DesignPatterns.Structural.Flyweight.csproj", "{1F725396-0FA8-4BC1-98A4-91CE71CBB757}"
EndProject
Project("{2150E333-8FDC-42A3-9474-1A3956D46DE8}") = "Behavioral", "Behavioral", "{0C81E935-D9C7-4D0E-A43C-FA719ED8C4EF}"
EndProject
Project("{9A19103F-16F7-4668-BE54-9A1E7A4F7556}") = "DesignPatterns.Behavioral.Command", "DesignPatterns.Behavioral.Command\DesignPatterns.Behavioral.Command.csproj", "{2B41CFCB-7BEC-4F68-B01F-1707ED5D2779}"
EndProject
Project("{9A19103F-16F7-4668-BE54-9A1E7A4F7556}") = "DesignPatterns.Behavioral.Iterator", "DesignPatterns.Behavioral.Iterator\DesignPatterns.Behavioral.Iterator.csproj", "{BB7B4046-4EEC-497B-8369-2A8CB58C9911}"
EndProject
Project("{9A19103F-16F7-4668-BE54-9A1E7A4F7556}") = "DesignPatterns.Behavioral.Memonto", "DesignPatterns.Behavioral.Memonto\DesignPatterns.Behavioral.Memonto.csproj", "{49AF1082-CF86-4B9F-A2EE-D2B85BE9E156}"
EndProject
Project("{FAE04EC0-301F-11D3-BF4B-00C04F79EFBC}") = "DesignPatterns.Behavioral.State", "DesignPatterns.Behavioral.State\DesignPatterns.Behavioral.State.csproj", "{C47278B8-B2C6-4AA7-B44A-C4754B411A93}"
EndProject
Project("{FAE04EC0-301F-11D3-BF4B-00C04F79EFBC}") = "DesignPatterns.Behavioral.Observer", "DesignPatterns.Behavioral.Observer\DesignPatterns.Behavioral.Observer.csproj", "{725B6CC9-F895-4C39-9655-9A72616966FA}"
EndProject
Global
	GlobalSection(SolutionConfigurationPlatforms) = preSolution
		Debug|Any CPU = Debug|Any CPU
		Release|Any CPU = Release|Any CPU
	EndGlobalSection
	GlobalSection(ProjectConfigurationPlatforms) = postSolution
		{EE354CA8-AAD0-4318-9D25-FE10FA14E880}.Debug|Any CPU.ActiveCfg = Debug|Any CPU
		{EE354CA8-AAD0-4318-9D25-FE10FA14E880}.Debug|Any CPU.Build.0 = Debug|Any CPU
		{EE354CA8-AAD0-4318-9D25-FE10FA14E880}.Release|Any CPU.ActiveCfg = Release|Any CPU
		{EE354CA8-AAD0-4318-9D25-FE10FA14E880}.Release|Any CPU.Build.0 = Release|Any CPU
		{A732644E-F6B0-425A-ABB4-522CEF5F3CCC}.Debug|Any CPU.ActiveCfg = Debug|Any CPU
		{A732644E-F6B0-425A-ABB4-522CEF5F3CCC}.Debug|Any CPU.Build.0 = Debug|Any CPU
		{A732644E-F6B0-425A-ABB4-522CEF5F3CCC}.Release|Any CPU.ActiveCfg = Release|Any CPU
		{A732644E-F6B0-425A-ABB4-522CEF5F3CCC}.Release|Any CPU.Build.0 = Release|Any CPU
		{254F6724-55C8-4995-BA11-EC9A07DE79B6}.Debug|Any CPU.ActiveCfg = Debug|Any CPU
		{254F6724-55C8-4995-BA11-EC9A07DE79B6}.Debug|Any CPU.Build.0 = Debug|Any CPU
		{254F6724-55C8-4995-BA11-EC9A07DE79B6}.Release|Any CPU.ActiveCfg = Release|Any CPU
		{254F6724-55C8-4995-BA11-EC9A07DE79B6}.Release|Any CPU.Build.0 = Release|Any CPU
		{64C45E72-2185-4A7B-B2F8-1967FB2E26B1}.Debug|Any CPU.ActiveCfg = Debug|Any CPU
		{64C45E72-2185-4A7B-B2F8-1967FB2E26B1}.Debug|Any CPU.Build.0 = Debug|Any CPU
		{64C45E72-2185-4A7B-B2F8-1967FB2E26B1}.Release|Any CPU.ActiveCfg = Release|Any CPU
		{64C45E72-2185-4A7B-B2F8-1967FB2E26B1}.Release|Any CPU.Build.0 = Release|Any CPU
		{6AE12DAB-A894-4DEC-86B9-66CCAB9F7CFE}.Debug|Any CPU.ActiveCfg = Debug|Any CPU
		{6AE12DAB-A894-4DEC-86B9-66CCAB9F7CFE}.Debug|Any CPU.Build.0 = Debug|Any CPU
		{6AE12DAB-A894-4DEC-86B9-66CCAB9F7CFE}.Release|Any CPU.ActiveCfg = Release|Any CPU
		{6AE12DAB-A894-4DEC-86B9-66CCAB9F7CFE}.Release|Any CPU.Build.0 = Release|Any CPU
		{679F6E6C-5D52-4A89-BD7E-F8E2AED4DAC1}.Debug|Any CPU.ActiveCfg = Debug|Any CPU
		{679F6E6C-5D52-4A89-BD7E-F8E2AED4DAC1}.Debug|Any CPU.Build.0 = Debug|Any CPU
		{679F6E6C-5D52-4A89-BD7E-F8E2AED4DAC1}.Release|Any CPU.ActiveCfg = Release|Any CPU
		{679F6E6C-5D52-4A89-BD7E-F8E2AED4DAC1}.Release|Any CPU.Build.0 = Release|Any CPU
		{8CE92F86-6CE2-4CAE-AB85-97AEFCBE7489}.Debug|Any CPU.ActiveCfg = Debug|Any CPU
		{8CE92F86-6CE2-4CAE-AB85-97AEFCBE7489}.Debug|Any CPU.Build.0 = Debug|Any CPU
		{8CE92F86-6CE2-4CAE-AB85-97AEFCBE7489}.Release|Any CPU.ActiveCfg = Release|Any CPU
		{8CE92F86-6CE2-4CAE-AB85-97AEFCBE7489}.Release|Any CPU.Build.0 = Release|Any CPU
		{C3789048-BEE1-421C-BD97-DCEC4F8A649A}.Debug|Any CPU.ActiveCfg = Debug|Any CPU
		{C3789048-BEE1-421C-BD97-DCEC4F8A649A}.Debug|Any CPU.Build.0 = Debug|Any CPU
		{C3789048-BEE1-421C-BD97-DCEC4F8A649A}.Release|Any CPU.ActiveCfg = Release|Any CPU
		{C3789048-BEE1-421C-BD97-DCEC4F8A649A}.Release|Any CPU.Build.0 = Release|Any CPU
		{B47D49EB-7CDD-42C8-8A23-3B5E045417A4}.Debug|Any CPU.ActiveCfg = Debug|Any CPU
		{B47D49EB-7CDD-42C8-8A23-3B5E045417A4}.Debug|Any CPU.Build.0 = Debug|Any CPU
		{B47D49EB-7CDD-42C8-8A23-3B5E045417A4}.Release|Any CPU.ActiveCfg = Release|Any CPU
		{B47D49EB-7CDD-42C8-8A23-3B5E045417A4}.Release|Any CPU.Build.0 = Release|Any CPU
		{0D095482-76F5-4622-B7DD-A1862AFFA23A}.Debug|Any CPU.ActiveCfg = Debug|Any CPU
		{0D095482-76F5-4622-B7DD-A1862AFFA23A}.Debug|Any CPU.Build.0 = Debug|Any CPU
		{0D095482-76F5-4622-B7DD-A1862AFFA23A}.Release|Any CPU.ActiveCfg = Release|Any CPU
		{0D095482-76F5-4622-B7DD-A1862AFFA23A}.Release|Any CPU.Build.0 = Release|Any CPU
		{8ECFFE1B-B46F-47AE-9015-8675A6B99E20}.Debug|Any CPU.ActiveCfg = Debug|Any CPU
		{8ECFFE1B-B46F-47AE-9015-8675A6B99E20}.Debug|Any CPU.Build.0 = Debug|Any CPU
		{8ECFFE1B-B46F-47AE-9015-8675A6B99E20}.Release|Any CPU.ActiveCfg = Release|Any CPU
		{8ECFFE1B-B46F-47AE-9015-8675A6B99E20}.Release|Any CPU.Build.0 = Release|Any CPU
		{0161DEE7-1666-4C97-8715-03146FB7869E}.Debug|Any CPU.ActiveCfg = Debug|Any CPU
		{0161DEE7-1666-4C97-8715-03146FB7869E}.Debug|Any CPU.Build.0 = Debug|Any CPU
		{0161DEE7-1666-4C97-8715-03146FB7869E}.Release|Any CPU.ActiveCfg = Release|Any CPU
		{0161DEE7-1666-4C97-8715-03146FB7869E}.Release|Any CPU.Build.0 = Release|Any CPU
		{982395DA-0DD8-42B9-B6D7-CA17EBF79AF9}.Debug|Any CPU.ActiveCfg = Debug|Any CPU
		{982395DA-0DD8-42B9-B6D7-CA17EBF79AF9}.Debug|Any CPU.Build.0 = Debug|Any CPU
		{982395DA-0DD8-42B9-B6D7-CA17EBF79AF9}.Release|Any CPU.ActiveCfg = Release|Any CPU
		{982395DA-0DD8-42B9-B6D7-CA17EBF79AF9}.Release|Any CPU.Build.0 = Release|Any CPU
		{1F725396-0FA8-4BC1-98A4-91CE71CBB757}.Debug|Any CPU.ActiveCfg = Debug|Any CPU
		{1F725396-0FA8-4BC1-98A4-91CE71CBB757}.Debug|Any CPU.Build.0 = Debug|Any CPU
		{1F725396-0FA8-4BC1-98A4-91CE71CBB757}.Release|Any CPU.ActiveCfg = Release|Any CPU
		{1F725396-0FA8-4BC1-98A4-91CE71CBB757}.Release|Any CPU.Build.0 = Release|Any CPU
		{2B41CFCB-7BEC-4F68-B01F-1707ED5D2779}.Debug|Any CPU.ActiveCfg = Debug|Any CPU
		{2B41CFCB-7BEC-4F68-B01F-1707ED5D2779}.Debug|Any CPU.Build.0 = Debug|Any CPU
		{2B41CFCB-7BEC-4F68-B01F-1707ED5D2779}.Release|Any CPU.ActiveCfg = Release|Any CPU
		{2B41CFCB-7BEC-4F68-B01F-1707ED5D2779}.Release|Any CPU.Build.0 = Release|Any CPU
		{BB7B4046-4EEC-497B-8369-2A8CB58C9911}.Debug|Any CPU.ActiveCfg = Debug|Any CPU
		{BB7B4046-4EEC-497B-8369-2A8CB58C9911}.Debug|Any CPU.Build.0 = Debug|Any CPU
		{BB7B4046-4EEC-497B-8369-2A8CB58C9911}.Release|Any CPU.ActiveCfg = Release|Any CPU
		{BB7B4046-4EEC-497B-8369-2A8CB58C9911}.Release|Any CPU.Build.0 = Release|Any CPU
		{49AF1082-CF86-4B9F-A2EE-D2B85BE9E156}.Debug|Any CPU.ActiveCfg = Debug|Any CPU
		{49AF1082-CF86-4B9F-A2EE-D2B85BE9E156}.Debug|Any CPU.Build.0 = Debug|Any CPU
		{49AF1082-CF86-4B9F-A2EE-D2B85BE9E156}.Release|Any CPU.ActiveCfg = Release|Any CPU
		{49AF1082-CF86-4B9F-A2EE-D2B85BE9E156}.Release|Any CPU.Build.0 = Release|Any CPU
		{C47278B8-B2C6-4AA7-B44A-C4754B411A93}.Debug|Any CPU.ActiveCfg = Debug|Any CPU
		{C47278B8-B2C6-4AA7-B44A-C4754B411A93}.Debug|Any CPU.Build.0 = Debug|Any CPU
		{C47278B8-B2C6-4AA7-B44A-C4754B411A93}.Release|Any CPU.ActiveCfg = Release|Any CPU
		{C47278B8-B2C6-4AA7-B44A-C4754B411A93}.Release|Any CPU.Build.0 = Release|Any CPU
		{725B6CC9-F895-4C39-9655-9A72616966FA}.Debug|Any CPU.ActiveCfg = Debug|Any CPU
		{725B6CC9-F895-4C39-9655-9A72616966FA}.Debug|Any CPU.Build.0 = Debug|Any CPU
		{725B6CC9-F895-4C39-9655-9A72616966FA}.Release|Any CPU.ActiveCfg = Release|Any CPU
		{725B6CC9-F895-4C39-9655-9A72616966FA}.Release|Any CPU.Build.0 = Release|Any CPU
	EndGlobalSection
	GlobalSection(SolutionProperties) = preSolution
		HideSolutionNode = FALSE
	EndGlobalSection
	GlobalSection(NestedProjects) = preSolution
		{EE354CA8-AAD0-4318-9D25-FE10FA14E880} = {23E8F275-F64C-46DB-B080-212D3958B6EA}
		{A732644E-F6B0-425A-ABB4-522CEF5F3CCC} = {23E8F275-F64C-46DB-B080-212D3958B6EA}
		{254F6724-55C8-4995-BA11-EC9A07DE79B6} = {23E8F275-F64C-46DB-B080-212D3958B6EA}
		{64C45E72-2185-4A7B-B2F8-1967FB2E26B1} = {23E8F275-F64C-46DB-B080-212D3958B6EA}
		{6AE12DAB-A894-4DEC-86B9-66CCAB9F7CFE} = {23E8F275-F64C-46DB-B080-212D3958B6EA}
		{679F6E6C-5D52-4A89-BD7E-F8E2AED4DAC1} = {23E8F275-F64C-46DB-B080-212D3958B6EA}
		{8CE92F86-6CE2-4CAE-AB85-97AEFCBE7489} = {23E8F275-F64C-46DB-B080-212D3958B6EA}
		{C3789048-BEE1-421C-BD97-DCEC4F8A649A} = {FBE4C25D-FD3A-4EB3-999D-C2BEDFD75D83}
		{B47D49EB-7CDD-42C8-8A23-3B5E045417A4} = {FBE4C25D-FD3A-4EB3-999D-C2BEDFD75D83}
		{0D095482-76F5-4622-B7DD-A1862AFFA23A} = {FBE4C25D-FD3A-4EB3-999D-C2BEDFD75D83}
		{8ECFFE1B-B46F-47AE-9015-8675A6B99E20} = {FBE4C25D-FD3A-4EB3-999D-C2BEDFD75D83}
		{0161DEE7-1666-4C97-8715-03146FB7869E} = {FBE4C25D-FD3A-4EB3-999D-C2BEDFD75D83}
		{982395DA-0DD8-42B9-B6D7-CA17EBF79AF9} = {FBE4C25D-FD3A-4EB3-999D-C2BEDFD75D83}
		{1F725396-0FA8-4BC1-98A4-91CE71CBB757} = {FBE4C25D-FD3A-4EB3-999D-C2BEDFD75D83}
		{2B41CFCB-7BEC-4F68-B01F-1707ED5D2779} = {0C81E935-D9C7-4D0E-A43C-FA719ED8C4EF}
		{BB7B4046-4EEC-497B-8369-2A8CB58C9911} = {0C81E935-D9C7-4D0E-A43C-FA719ED8C4EF}
		{49AF1082-CF86-4B9F-A2EE-D2B85BE9E156} = {0C81E935-D9C7-4D0E-A43C-FA719ED8C4EF}
		{C47278B8-B2C6-4AA7-B44A-C4754B411A93} = {0C81E935-D9C7-4D0E-A43C-FA719ED8C4EF}
		{725B6CC9-F895-4C39-9655-9A72616966FA} = {0C81E935-D9C7-4D0E-A43C-FA719ED8C4EF}
	EndGlobalSection
	GlobalSection(ExtensibilityGlobals) = postSolution
		SolutionGuid = {E60013F3-BF7E-46CB-9D42-6FD455AC81E0}
	EndGlobalSection
EndGlobal
